
Microsoft Visual Studio Solution File, Format Version 12.00
# Visual Studio Version 17
VisualStudioVersion = 17.9.34728.123
MinimumVisualStudioVersion = 10.0.40219.1
Project("{9A19103F-16F7-4668-BE54-9A1E7A4F7556}") = "ClientApp", "HTTP Fundamentals\ClientApp\ClientApp.csproj", "{A35C9811-51FD-4F95-9014-AD5F17954160}"
EndProject
Project("{9A19103F-16F7-4668-BE54-9A1E7A4F7556}") = "ListenerApp", "HTTP Fundamentals\ListenerApp\ListenerApp.csproj", "{5E42CBFE-9FA1-4E2F-BADD-EB3EE13F1ED7}"
EndProject
Global
	GlobalSection(SolutionConfigurationPlatforms) = preSolution
		Debug|Any CPU = Debug|Any CPU
		Release|Any CPU = Release|Any CPU
	EndGlobalSection
	GlobalSection(ProjectConfigurationPlatforms) = postSolution
		{A35C9811-51FD-4F95-9014-AD5F17954160}.Debug|Any CPU.ActiveCfg = Debug|Any CPU
		{A35C9811-51FD-4F95-9014-AD5F17954160}.Debug|Any CPU.Build.0 = Debug|Any CPU
		{A35C9811-51FD-4F95-9014-AD5F17954160}.Release|Any CPU.ActiveCfg = Release|Any CPU
		{A35C9811-51FD-4F95-9014-AD5F17954160}.Release|Any CPU.Build.0 = Release|Any CPU
		{5E42CBFE-9FA1-4E2F-BADD-EB3EE13F1ED7}.Debug|Any CPU.ActiveCfg = Debug|Any CPU
		{5E42CBFE-9FA1-4E2F-BADD-EB3EE13F1ED7}.Debug|Any CPU.Build.0 = Debug|Any CPU
		{5E42CBFE-9FA1-4E2F-BADD-EB3EE13F1ED7}.Release|Any CPU.ActiveCfg = Release|Any CPU
		{5E42CBFE-9FA1-4E2F-BADD-EB3EE13F1ED7}.Release|Any CPU.Build.0 = Release|Any CPU
	EndGlobalSection
	GlobalSection(SolutionProperties) = preSolution
		HideSolutionNode = FALSE
	EndGlobalSection
	GlobalSection(ExtensibilityGlobals) = postSolution
		SolutionGuid = {7157893C-EEBB-41DA-93BA-3EE5A0F7C4E0}
	EndGlobalSection
EndGlobal
