
Microsoft Visual Studio Solution File, Format Version 12.00
# Visual Studio Version 17
VisualStudioVersion = 17.9.34728.123
MinimumVisualStudioVersion = 10.0.40219.1
Project("{9A19103F-16F7-4668-BE54-9A1E7A4F7556}") = "Task1", "Exception Handling\Task1\Task1.csproj", "{DF1D3373-F381-48CD-903F-086DEEBD9F57}"
EndProject
Project("{9A19103F-16F7-4668-BE54-9A1E7A4F7556}") = "Task2", "Exception Handling\Task2\Task2.csproj", "{56AD3F0E-525E-4023-B66D-FB5038809D4C}"
EndProject
Project("{9A19103F-16F7-4668-BE54-9A1E7A4F7556}") = "Task2.Tests", "Exception Handling\Task2.Tests\Task2.Tests.csproj", "{F276B717-2061-4C7B-B251-3D7D51F47180}"
EndProject
Project("{9A19103F-16F7-4668-BE54-9A1E7A4F7556}") = "Task3", "Exception Handling\Task3\Task3.csproj", "{A61325D1-2BFF-4157-A1DA-DC236C852620}"
EndProject
Project("{9A19103F-16F7-4668-BE54-9A1E7A4F7556}") = "Task3.Tests", "Exception Handling\Task3.Tests\Task3.Tests.csproj", "{8E213988-46AC-469D-A5FC-E32E86E29588}"
EndProject
Global
	GlobalSection(SolutionConfigurationPlatforms) = preSolution
		Debug|Any CPU = Debug|Any CPU
		Release|Any CPU = Release|Any CPU
	EndGlobalSection
	GlobalSection(ProjectConfigurationPlatforms) = postSolution
		{DF1D3373-F381-48CD-903F-086DEEBD9F57}.Debug|Any CPU.ActiveCfg = Debug|Any CPU
		{DF1D3373-F381-48CD-903F-086DEEBD9F57}.Debug|Any CPU.Build.0 = Debug|Any CPU
		{DF1D3373-F381-48CD-903F-086DEEBD9F57}.Release|Any CPU.ActiveCfg = Release|Any CPU
		{DF1D3373-F381-48CD-903F-086DEEBD9F57}.Release|Any CPU.Build.0 = Release|Any CPU
		{56AD3F0E-525E-4023-B66D-FB5038809D4C}.Debug|Any CPU.ActiveCfg = Debug|Any CPU
		{56AD3F0E-525E-4023-B66D-FB5038809D4C}.Debug|Any CPU.Build.0 = Debug|Any CPU
		{56AD3F0E-525E-4023-B66D-FB5038809D4C}.Release|Any CPU.ActiveCfg = Release|Any CPU
		{56AD3F0E-525E-4023-B66D-FB5038809D4C}.Release|Any CPU.Build.0 = Release|Any CPU
		{F276B717-2061-4C7B-B251-3D7D51F47180}.Debug|Any CPU.ActiveCfg = Debug|Any CPU
		{F276B717-2061-4C7B-B251-3D7D51F47180}.Debug|Any CPU.Build.0 = Debug|Any CPU
		{F276B717-2061-4C7B-B251-3D7D51F47180}.Release|Any CPU.ActiveCfg = Release|Any CPU
		{F276B717-2061-4C7B-B251-3D7D51F47180}.Release|Any CPU.Build.0 = Release|Any CPU
		{A61325D1-2BFF-4157-A1DA-DC236C852620}.Debug|Any CPU.ActiveCfg = Debug|Any CPU
		{A61325D1-2BFF-4157-A1DA-DC236C852620}.Debug|Any CPU.Build.0 = Debug|Any CPU
		{A61325D1-2BFF-4157-A1DA-DC236C852620}.Release|Any CPU.ActiveCfg = Release|Any CPU
		{A61325D1-2BFF-4157-A1DA-DC236C852620}.Release|Any CPU.Build.0 = Release|Any CPU
		{8E213988-46AC-469D-A5FC-E32E86E29588}.Debug|Any CPU.ActiveCfg = Debug|Any CPU
		{8E213988-46AC-469D-A5FC-E32E86E29588}.Debug|Any CPU.Build.0 = Debug|Any CPU
		{8E213988-46AC-469D-A5FC-E32E86E29588}.Release|Any CPU.ActiveCfg = Release|Any CPU
		{8E213988-46AC-469D-A5FC-E32E86E29588}.Release|Any CPU.Build.0 = Release|Any CPU
	EndGlobalSection
	GlobalSection(SolutionProperties) = preSolution
		HideSolutionNode = FALSE
	EndGlobalSection
	GlobalSection(ExtensibilityGlobals) = postSolution
		SolutionGuid = {DC71C5B8-EF78-4853-B1FB-F394A9C2B948}
	EndGlobalSection
EndGlobal
